// !$*UTF8*$!
{
	archiveVersion = 1;
	classes = {
	};
	objectVersion = 46;
	objects = {

/* Begin PBXBuildFile section */
		0E411C1E3E29715E038F72A4 /* Pods_JXKit_Tests.framework in Frameworks */ = {isa = PBXBuildFile; fileRef = 5BA7DC8E30AB3CDB4E21EE64 /* Pods_JXKit_Tests.framework */; };
		2371AC456CF1C1027408C1C0 /* Pods_JXKit_Example.framework in Frameworks */ = {isa = PBXBuildFile; fileRef = FF550DB63F55ED799FF0B01B /* Pods_JXKit_Example.framework */; };
		6003F58E195388D20070C39A /* Foundation.framework in Frameworks */ = {isa = PBXBuildFile; fileRef = 6003F58D195388D20070C39A /* Foundation.framework */; };
		6003F590195388D20070C39A /* CoreGraphics.framework in Frameworks */ = {isa = PBXBuildFile; fileRef = 6003F58F195388D20070C39A /* CoreGraphics.framework */; };
		6003F592195388D20070C39A /* UIKit.framework in Frameworks */ = {isa = PBXBuildFile; fileRef = 6003F591195388D20070C39A /* UIKit.framework */; };
		6003F598195388D20070C39A /* InfoPlist.strings in Resources */ = {isa = PBXBuildFile; fileRef = 6003F596195388D20070C39A /* InfoPlist.strings */; };
		6003F59A195388D20070C39A /* main.m in Sources */ = {isa = PBXBuildFile; fileRef = 6003F599195388D20070C39A /* main.m */; };
		6003F59E195388D20070C39A /* JXAppDelegate.m in Sources */ = {isa = PBXBuildFile; fileRef = 6003F59D195388D20070C39A /* JXAppDelegate.m */; };
		6003F5A7195388D20070C39A /* JXViewController.m in Sources */ = {isa = PBXBuildFile; fileRef = 6003F5A6195388D20070C39A /* JXViewController.m */; };
		6003F5A9195388D20070C39A /* Images.xcassets in Resources */ = {isa = PBXBuildFile; fileRef = 6003F5A8195388D20070C39A /* Images.xcassets */; };
		6003F5B0195388D20070C39A /* XCTest.framework in Frameworks */ = {isa = PBXBuildFile; fileRef = 6003F5AF195388D20070C39A /* XCTest.framework */; };
		6003F5B1195388D20070C39A /* Foundation.framework in Frameworks */ = {isa = PBXBuildFile; fileRef = 6003F58D195388D20070C39A /* Foundation.framework */; };
		6003F5B2195388D20070C39A /* UIKit.framework in Frameworks */ = {isa = PBXBuildFile; fileRef = 6003F591195388D20070C39A /* UIKit.framework */; };
		6003F5BA195388D20070C39A /* InfoPlist.strings in Resources */ = {isa = PBXBuildFile; fileRef = 6003F5B8195388D20070C39A /* InfoPlist.strings */; };
		6003F5BC195388D20070C39A /* Tests.m in Sources */ = {isa = PBXBuildFile; fileRef = 6003F5BB195388D20070C39A /* Tests.m */; };
		71719F9F1E33DC2100824A3D /* LaunchScreen.storyboard in Resources */ = {isa = PBXBuildFile; fileRef = 71719F9D1E33DC2100824A3D /* LaunchScreen.storyboard */; };
		873B8AEB1B1F5CCA007FD442 /* Main.storyboard in Resources */ = {isa = PBXBuildFile; fileRef = 873B8AEA1B1F5CCA007FD442 /* Main.storyboard */; };
		C87B025B20C18E38001981C7 /* JXLocationCoordinates.m in Sources */ = {isa = PBXBuildFile; fileRef = C87B022D20C18E38001981C7 /* JXLocationCoordinates.m */; };
		C87B025C20C18E38001981C7 /* JXRegular.m in Sources */ = {isa = PBXBuildFile; fileRef = C87B023020C18E38001981C7 /* JXRegular.m */; };
		C87B025D20C18E38001981C7 /* UIImage+JXCategory.m in Sources */ = {isa = PBXBuildFile; fileRef = C87B023420C18E38001981C7 /* UIImage+JXCategory.m */; };
		C87B025E20C18E38001981C7 /* UIScrollView+JXCategory.m in Sources */ = {isa = PBXBuildFile; fileRef = C87B023620C18E38001981C7 /* UIScrollView+JXCategory.m */; };
		C87B025F20C18E38001981C7 /* UIButton+JXCategory.m in Sources */ = {isa = PBXBuildFile; fileRef = C87B023A20C18E38001981C7 /* UIButton+JXCategory.m */; };
		C87B026020C18E38001981C7 /* UIView+JXCategory.m in Sources */ = {isa = PBXBuildFile; fileRef = C87B023C20C18E38001981C7 /* UIView+JXCategory.m */; };
		C87B026120C18E38001981C7 /* UICollectionView+JXCategory.m in Sources */ = {isa = PBXBuildFile; fileRef = C87B023F20C18E38001981C7 /* UICollectionView+JXCategory.m */; };
		C87B026220C18E38001981C7 /* NSString+JXCategory.m in Sources */ = {isa = PBXBuildFile; fileRef = C87B024320C18E38001981C7 /* NSString+JXCategory.m */; };
		C87B026320C18E38001981C7 /* UITableView+JXCategory.m in Sources */ = {isa = PBXBuildFile; fileRef = C87B024620C18E38001981C7 /* UITableView+JXCategory.m */; };
		C87B026420C18E38001981C7 /* NSDate+JXCategory.m in Sources */ = {isa = PBXBuildFile; fileRef = C87B024820C18E38001981C7 /* NSDate+JXCategory.m */; };
		C87B026520C18E38001981C7 /* JXMacro.m in Sources */ = {isa = PBXBuildFile; fileRef = C87B024A20C18E38001981C7 /* JXMacro.m */; };
		C87B026620C18E38001981C7 /* JXUpdateCheck.m in Sources */ = {isa = PBXBuildFile; fileRef = C87B024C20C18E38001981C7 /* JXUpdateCheck.m */; };
		C87B026820C18E38001981C7 /* JXInline.m in Sources */ = {isa = PBXBuildFile; fileRef = C87B024F20C18E38001981C7 /* JXInline.m */; };
		C87B026920C18E38001981C7 /* JXJSONCache.m in Sources */ = {isa = PBXBuildFile; fileRef = C87B025120C18E38001981C7 /* JXJSONCache.m */; };
		C87B026A20C18E38001981C7 /* JXSystemAlert.m in Sources */ = {isa = PBXBuildFile; fileRef = C87B025620C18E38001981C7 /* JXSystemAlert.m */; };
		C87B026B20C18E38001981C7 /* JXUUIDAndKeyChain.m in Sources */ = {isa = PBXBuildFile; fileRef = C87B025920C18E38001981C7 /* JXUUIDAndKeyChain.m */; };
		C87B026E20C18E68001981C7 /* JXKit.m in Sources */ = {isa = PBXBuildFile; fileRef = C87B026D20C18E68001981C7 /* JXKit.m */; };
		C87B027120C18EFD001981C7 /* UIView+JXToastAndProgressHUD.m in Sources */ = {isa = PBXBuildFile; fileRef = C87B026F20C18EFD001981C7 /* UIView+JXToastAndProgressHUD.m */; };
/* End PBXBuildFile section */

/* Begin PBXContainerItemProxy section */
		6003F5B3195388D20070C39A /* PBXContainerItemProxy */ = {
			isa = PBXContainerItemProxy;
			containerPortal = 6003F582195388D10070C39A /* Project object */;
			proxyType = 1;
			remoteGlobalIDString = 6003F589195388D20070C39A;
			remoteInfo = JXKit;
		};
/* End PBXContainerItemProxy section */

/* Begin PBXFileReference section */
		0534FCB4D7E7797566BB7D87 /* README.md */ = {isa = PBXFileReference; includeInIndex = 1; lastKnownFileType = net.daringfireball.markdown; name = README.md; path = ../README.md; sourceTree = "<group>"; };
		2388189F29A830A3EA76F7A2 /* Pods-JXKit_Tests.debug.xcconfig */ = {isa = PBXFileReference; includeInIndex = 1; lastKnownFileType = text.xcconfig; name = "Pods-JXKit_Tests.debug.xcconfig"; path = "Pods/Target Support Files/Pods-JXKit_Tests/Pods-JXKit_Tests.debug.xcconfig"; sourceTree = "<group>"; };
		4A97D90647891B402015CCE2 /* Pods-JXKit_Tests.release.xcconfig */ = {isa = PBXFileReference; includeInIndex = 1; lastKnownFileType = text.xcconfig; name = "Pods-JXKit_Tests.release.xcconfig"; path = "Pods/Target Support Files/Pods-JXKit_Tests/Pods-JXKit_Tests.release.xcconfig"; sourceTree = "<group>"; };
		5BA7DC8E30AB3CDB4E21EE64 /* Pods_JXKit_Tests.framework */ = {isa = PBXFileReference; explicitFileType = wrapper.framework; includeInIndex = 0; path = Pods_JXKit_Tests.framework; sourceTree = BUILT_PRODUCTS_DIR; };
		6003F58A195388D20070C39A /* JXKit_Example.app */ = {isa = PBXFileReference; explicitFileType = wrapper.application; includeInIndex = 0; path = JXKit_Example.app; sourceTree = BUILT_PRODUCTS_DIR; };
		6003F58D195388D20070C39A /* Foundation.framework */ = {isa = PBXFileReference; lastKnownFileType = wrapper.framework; name = Foundation.framework; path = System/Library/Frameworks/Foundation.framework; sourceTree = SDKROOT; };
		6003F58F195388D20070C39A /* CoreGraphics.framework */ = {isa = PBXFileReference; lastKnownFileType = wrapper.framework; name = CoreGraphics.framework; path = System/Library/Frameworks/CoreGraphics.framework; sourceTree = SDKROOT; };
		6003F591195388D20070C39A /* UIKit.framework */ = {isa = PBXFileReference; lastKnownFileType = wrapper.framework; name = UIKit.framework; path = System/Library/Frameworks/UIKit.framework; sourceTree = SDKROOT; };
		6003F595195388D20070C39A /* JXKit-Info.plist */ = {isa = PBXFileReference; lastKnownFileType = text.plist.xml; path = "JXKit-Info.plist"; sourceTree = "<group>"; };
		6003F597195388D20070C39A /* en */ = {isa = PBXFileReference; lastKnownFileType = text.plist.strings; name = en; path = en.lproj/InfoPlist.strings; sourceTree = "<group>"; };
		6003F599195388D20070C39A /* main.m */ = {isa = PBXFileReference; lastKnownFileType = sourcecode.c.objc; path = main.m; sourceTree = "<group>"; };
		6003F59B195388D20070C39A /* JXKit-Prefix.pch */ = {isa = PBXFileReference; lastKnownFileType = sourcecode.c.h; path = "JXKit-Prefix.pch"; sourceTree = "<group>"; };
		6003F59C195388D20070C39A /* JXAppDelegate.h */ = {isa = PBXFileReference; lastKnownFileType = sourcecode.c.h; path = JXAppDelegate.h; sourceTree = "<group>"; };
		6003F59D195388D20070C39A /* JXAppDelegate.m */ = {isa = PBXFileReference; lastKnownFileType = sourcecode.c.objc; path = JXAppDelegate.m; sourceTree = "<group>"; };
		6003F5A5195388D20070C39A /* JXViewController.h */ = {isa = PBXFileReference; lastKnownFileType = sourcecode.c.h; path = JXViewController.h; sourceTree = "<group>"; };
		6003F5A6195388D20070C39A /* JXViewController.m */ = {isa = PBXFileReference; lastKnownFileType = sourcecode.c.objc; path = JXViewController.m; sourceTree = "<group>"; };
		6003F5A8195388D20070C39A /* Images.xcassets */ = {isa = PBXFileReference; lastKnownFileType = folder.assetcatalog; path = Images.xcassets; sourceTree = "<group>"; };
		6003F5AE195388D20070C39A /* JXKit_Tests.xctest */ = {isa = PBXFileReference; explicitFileType = wrapper.cfbundle; includeInIndex = 0; path = JXKit_Tests.xctest; sourceTree = BUILT_PRODUCTS_DIR; };
		6003F5AF195388D20070C39A /* XCTest.framework */ = {isa = PBXFileReference; lastKnownFileType = wrapper.framework; name = XCTest.framework; path = Library/Frameworks/XCTest.framework; sourceTree = DEVELOPER_DIR; };
		6003F5B7195388D20070C39A /* Tests-Info.plist */ = {isa = PBXFileReference; lastKnownFileType = text.plist.xml; path = "Tests-Info.plist"; sourceTree = "<group>"; };
		6003F5B9195388D20070C39A /* en */ = {isa = PBXFileReference; lastKnownFileType = text.plist.strings; name = en; path = en.lproj/InfoPlist.strings; sourceTree = "<group>"; };
		6003F5BB195388D20070C39A /* Tests.m */ = {isa = PBXFileReference; lastKnownFileType = sourcecode.c.objc; path = Tests.m; sourceTree = "<group>"; };
		606FC2411953D9B200FFA9A0 /* Tests-Prefix.pch */ = {isa = PBXFileReference; lastKnownFileType = sourcecode.c.h; path = "Tests-Prefix.pch"; sourceTree = "<group>"; };
		71719F9E1E33DC2100824A3D /* Base */ = {isa = PBXFileReference; lastKnownFileType = file.storyboard; name = Base; path = Base.lproj/LaunchScreen.storyboard; sourceTree = "<group>"; };
		72DC75EAE3052BE93AA67203 /* Pods-JXKit_Example.debug.xcconfig */ = {isa = PBXFileReference; includeInIndex = 1; lastKnownFileType = text.xcconfig; name = "Pods-JXKit_Example.debug.xcconfig"; path = "Pods/Target Support Files/Pods-JXKit_Example/Pods-JXKit_Example.debug.xcconfig"; sourceTree = "<group>"; };
		873B8AEA1B1F5CCA007FD442 /* Main.storyboard */ = {isa = PBXFileReference; fileEncoding = 4; lastKnownFileType = file.storyboard; name = Main.storyboard; path = Base.lproj/Main.storyboard; sourceTree = "<group>"; };
		C87B022C20C18E38001981C7 /* JXLocationCoordinates.h */ = {isa = PBXFileReference; fileEncoding = 4; lastKnownFileType = sourcecode.c.h; path = JXLocationCoordinates.h; sourceTree = "<group>"; };
		C87B022D20C18E38001981C7 /* JXLocationCoordinates.m */ = {isa = PBXFileReference; fileEncoding = 4; lastKnownFileType = sourcecode.c.objc; path = JXLocationCoordinates.m; sourceTree = "<group>"; };
		C87B022F20C18E38001981C7 /* JXRegular.h */ = {isa = PBXFileReference; fileEncoding = 4; lastKnownFileType = sourcecode.c.h; path = JXRegular.h; sourceTree = "<group>"; };
		C87B023020C18E38001981C7 /* JXRegular.m */ = {isa = PBXFileReference; fileEncoding = 4; lastKnownFileType = sourcecode.c.objc; path = JXRegular.m; sourceTree = "<group>"; };
		C87B023320C18E38001981C7 /* UIImage+JXCategory.h */ = {isa = PBXFileReference; fileEncoding = 4; lastKnownFileType = sourcecode.c.h; path = "UIImage+JXCategory.h"; sourceTree = "<group>"; };
		C87B023420C18E38001981C7 /* UIImage+JXCategory.m */ = {isa = PBXFileReference; fileEncoding = 4; lastKnownFileType = sourcecode.c.objc; path = "UIImage+JXCategory.m"; sourceTree = "<group>"; };
		C87B023620C18E38001981C7 /* UIScrollView+JXCategory.m */ = {isa = PBXFileReference; fileEncoding = 4; lastKnownFileType = sourcecode.c.objc; path = "UIScrollView+JXCategory.m"; sourceTree = "<group>"; };
		C87B023720C18E38001981C7 /* UIScrollView+JXCategory.h */ = {isa = PBXFileReference; fileEncoding = 4; lastKnownFileType = sourcecode.c.h; path = "UIScrollView+JXCategory.h"; sourceTree = "<group>"; };
		C87B023920C18E38001981C7 /* UIButton+JXCategory.h */ = {isa = PBXFileReference; fileEncoding = 4; lastKnownFileType = sourcecode.c.h; path = "UIButton+JXCategory.h"; sourceTree = "<group>"; };
		C87B023A20C18E38001981C7 /* UIButton+JXCategory.m */ = {isa = PBXFileReference; fileEncoding = 4; lastKnownFileType = sourcecode.c.objc; path = "UIButton+JXCategory.m"; sourceTree = "<group>"; };
		C87B023C20C18E38001981C7 /* UIView+JXCategory.m */ = {isa = PBXFileReference; fileEncoding = 4; lastKnownFileType = sourcecode.c.objc; path = "UIView+JXCategory.m"; sourceTree = "<group>"; };
		C87B023D20C18E38001981C7 /* UIView+JXCategory.h */ = {isa = PBXFileReference; fileEncoding = 4; lastKnownFileType = sourcecode.c.h; path = "UIView+JXCategory.h"; sourceTree = "<group>"; };
		C87B023F20C18E38001981C7 /* UICollectionView+JXCategory.m */ = {isa = PBXFileReference; fileEncoding = 4; lastKnownFileType = sourcecode.c.objc; path = "UICollectionView+JXCategory.m"; sourceTree = "<group>"; };
		C87B024020C18E38001981C7 /* UICollectionView+JXCategory.h */ = {isa = PBXFileReference; fileEncoding = 4; lastKnownFileType = sourcecode.c.h; path = "UICollectionView+JXCategory.h"; sourceTree = "<group>"; };
		C87B024220C18E38001981C7 /* NSString+JXCategory.h */ = {isa = PBXFileReference; fileEncoding = 4; lastKnownFileType = sourcecode.c.h; path = "NSString+JXCategory.h"; sourceTree = "<group>"; };
		C87B024320C18E38001981C7 /* NSString+JXCategory.m */ = {isa = PBXFileReference; fileEncoding = 4; lastKnownFileType = sourcecode.c.objc; path = "NSString+JXCategory.m"; sourceTree = "<group>"; };
		C87B024520C18E38001981C7 /* UITableView+JXCategory.h */ = {isa = PBXFileReference; fileEncoding = 4; lastKnownFileType = sourcecode.c.h; path = "UITableView+JXCategory.h"; sourceTree = "<group>"; };
		C87B024620C18E38001981C7 /* UITableView+JXCategory.m */ = {isa = PBXFileReference; fileEncoding = 4; lastKnownFileType = sourcecode.c.objc; path = "UITableView+JXCategory.m"; sourceTree = "<group>"; };
		C87B024820C18E38001981C7 /* NSDate+JXCategory.m */ = {isa = PBXFileReference; fileEncoding = 4; lastKnownFileType = sourcecode.c.objc; path = "NSDate+JXCategory.m"; sourceTree = "<group>"; };
		C87B024920C18E38001981C7 /* NSDate+JXCategory.h */ = {isa = PBXFileReference; fileEncoding = 4; lastKnownFileType = sourcecode.c.h; path = "NSDate+JXCategory.h"; sourceTree = "<group>"; };
		C87B024A20C18E38001981C7 /* JXMacro.m */ = {isa = PBXFileReference; fileEncoding = 4; lastKnownFileType = sourcecode.c.objc; path = JXMacro.m; sourceTree = "<group>"; };
		C87B024C20C18E38001981C7 /* JXUpdateCheck.m */ = {isa = PBXFileReference; fileEncoding = 4; lastKnownFileType = sourcecode.c.objc; path = JXUpdateCheck.m; sourceTree = "<group>"; };
		C87B024D20C18E38001981C7 /* JXUpdateCheck.h */ = {isa = PBXFileReference; fileEncoding = 4; lastKnownFileType = sourcecode.c.h; path = JXUpdateCheck.h; sourceTree = "<group>"; };
		C87B024F20C18E38001981C7 /* JXInline.m */ = {isa = PBXFileReference; fileEncoding = 4; lastKnownFileType = sourcecode.c.objc; path = JXInline.m; sourceTree = "<group>"; };
		C87B025120C18E38001981C7 /* JXJSONCache.m */ = {isa = PBXFileReference; fileEncoding = 4; lastKnownFileType = sourcecode.c.objc; path = JXJSONCache.m; sourceTree = "<group>"; };
		C87B025220C18E38001981C7 /* JXJSONCache.h */ = {isa = PBXFileReference; fileEncoding = 4; lastKnownFileType = sourcecode.c.h; path = JXJSONCache.h; sourceTree = "<group>"; };
		C87B025320C18E38001981C7 /* JXMacro.h */ = {isa = PBXFileReference; fileEncoding = 4; lastKnownFileType = sourcecode.c.h; path = JXMacro.h; sourceTree = "<group>"; };
		C87B025520C18E38001981C7 /* JXSystemAlert.h */ = {isa = PBXFileReference; fileEncoding = 4; lastKnownFileType = sourcecode.c.h; path = JXSystemAlert.h; sourceTree = "<group>"; };
		C87B025620C18E38001981C7 /* JXSystemAlert.m */ = {isa = PBXFileReference; fileEncoding = 4; lastKnownFileType = sourcecode.c.objc; path = JXSystemAlert.m; sourceTree = "<group>"; };
		C87B025820C18E38001981C7 /* JXUUIDAndKeyChain.h */ = {isa = PBXFileReference; fileEncoding = 4; lastKnownFileType = sourcecode.c.h; path = JXUUIDAndKeyChain.h; sourceTree = "<group>"; };
		C87B025920C18E38001981C7 /* JXUUIDAndKeyChain.m */ = {isa = PBXFileReference; fileEncoding = 4; lastKnownFileType = sourcecode.c.objc; path = JXUUIDAndKeyChain.m; sourceTree = "<group>"; };
		C87B025A20C18E38001981C7 /* JXInline.h */ = {isa = PBXFileReference; fileEncoding = 4; lastKnownFileType = sourcecode.c.h; path = JXInline.h; sourceTree = "<group>"; };
		C87B026C20C18E68001981C7 /* JXKit.h */ = {isa = PBXFileReference; lastKnownFileType = sourcecode.c.h; path = JXKit.h; sourceTree = "<group>"; };
		C87B026D20C18E68001981C7 /* JXKit.m */ = {isa = PBXFileReference; lastKnownFileType = sourcecode.c.objc; path = JXKit.m; sourceTree = "<group>"; };
		C87B026F20C18EFD001981C7 /* UIView+JXToastAndProgressHUD.m */ = {isa = PBXFileReference; fileEncoding = 4; lastKnownFileType = sourcecode.c.objc; path = "UIView+JXToastAndProgressHUD.m"; sourceTree = "<group>"; };
		C87B027020C18EFD001981C7 /* UIView+JXToastAndProgressHUD.h */ = {isa = PBXFileReference; fileEncoding = 4; lastKnownFileType = sourcecode.c.h; path = "UIView+JXToastAndProgressHUD.h"; sourceTree = "<group>"; };
		D84251F91D42339CBC3CFA09 /* LICENSE */ = {isa = PBXFileReference; includeInIndex = 1; lastKnownFileType = text; name = LICENSE; path = ../LICENSE; sourceTree = "<group>"; };
		DDE7E4AE2FEDD21950C1148F /* JXKit.podspec */ = {isa = PBXFileReference; includeInIndex = 1; lastKnownFileType = text; name = JXKit.podspec; path = ../JXKit.podspec; sourceTree = "<group>"; xcLanguageSpecificationIdentifier = xcode.lang.ruby; };
		F2F651161B0BC4CB526688E8 /* Pods-JXKit_Example.release.xcconfig */ = {isa = PBXFileReference; includeInIndex = 1; lastKnownFileType = text.xcconfig; name = "Pods-JXKit_Example.release.xcconfig"; path = "Pods/Target Support Files/Pods-JXKit_Example/Pods-JXKit_Example.release.xcconfig"; sourceTree = "<group>"; };
		FF550DB63F55ED799FF0B01B /* Pods_JXKit_Example.framework */ = {isa = PBXFileReference; explicitFileType = wrapper.framework; includeInIndex = 0; path = Pods_JXKit_Example.framework; sourceTree = BUILT_PRODUCTS_DIR; };
/* End PBXFileReference section */

/* Begin PBXFrameworksBuildPhase section */
		6003F587195388D20070C39A /* Frameworks */ = {
			isa = PBXFrameworksBuildPhase;
			buildActionMask = 2147483647;
			files = (
				6003F590195388D20070C39A /* CoreGraphics.framework in Frameworks */,
				6003F592195388D20070C39A /* UIKit.framework in Frameworks */,
				6003F58E195388D20070C39A /* Foundation.framework in Frameworks */,
				2371AC456CF1C1027408C1C0 /* Pods_JXKit_Example.framework in Frameworks */,
			);
			runOnlyForDeploymentPostprocessing = 0;
		};
		6003F5AB195388D20070C39A /* Frameworks */ = {
			isa = PBXFrameworksBuildPhase;
			buildActionMask = 2147483647;
			files = (
				6003F5B0195388D20070C39A /* XCTest.framework in Frameworks */,
				6003F5B2195388D20070C39A /* UIKit.framework in Frameworks */,
				6003F5B1195388D20070C39A /* Foundation.framework in Frameworks */,
				0E411C1E3E29715E038F72A4 /* Pods_JXKit_Tests.framework in Frameworks */,
			);
			runOnlyForDeploymentPostprocessing = 0;
		};
/* End PBXFrameworksBuildPhase section */

/* Begin PBXGroup section */
		1870C618C0F455F0F05BCAF0 /* Pods */ = {
			isa = PBXGroup;
			children = (
				72DC75EAE3052BE93AA67203 /* Pods-JXKit_Example.debug.xcconfig */,
				F2F651161B0BC4CB526688E8 /* Pods-JXKit_Example.release.xcconfig */,
				2388189F29A830A3EA76F7A2 /* Pods-JXKit_Tests.debug.xcconfig */,
				4A97D90647891B402015CCE2 /* Pods-JXKit_Tests.release.xcconfig */,
			);
			name = Pods;
			sourceTree = "<group>";
		};
		6003F581195388D10070C39A = {
			isa = PBXGroup;
			children = (
				60FF7A9C1954A5C5007DD14C /* Podspec Metadata */,
				6003F593195388D20070C39A /* Example for JXKit */,
				6003F5B5195388D20070C39A /* Tests */,
				6003F58C195388D20070C39A /* Frameworks */,
				6003F58B195388D20070C39A /* Products */,
				1870C618C0F455F0F05BCAF0 /* Pods */,
			);
			sourceTree = "<group>";
		};
		6003F58B195388D20070C39A /* Products */ = {
			isa = PBXGroup;
			children = (
				6003F58A195388D20070C39A /* JXKit_Example.app */,
				6003F5AE195388D20070C39A /* JXKit_Tests.xctest */,
			);
			name = Products;
			sourceTree = "<group>";
		};
		6003F58C195388D20070C39A /* Frameworks */ = {
			isa = PBXGroup;
			children = (
				6003F58D195388D20070C39A /* Foundation.framework */,
				6003F58F195388D20070C39A /* CoreGraphics.framework */,
				6003F591195388D20070C39A /* UIKit.framework */,
				6003F5AF195388D20070C39A /* XCTest.framework */,
				FF550DB63F55ED799FF0B01B /* Pods_JXKit_Example.framework */,
				5BA7DC8E30AB3CDB4E21EE64 /* Pods_JXKit_Tests.framework */,
			);
			name = Frameworks;
			sourceTree = "<group>";
		};
		6003F593195388D20070C39A /* Example for JXKit */ = {
			isa = PBXGroup;
			children = (
				6003F59C195388D20070C39A /* JXAppDelegate.h */,
				6003F59D195388D20070C39A /* JXAppDelegate.m */,
				873B8AEA1B1F5CCA007FD442 /* Main.storyboard */,
				6003F5A5195388D20070C39A /* JXViewController.h */,
				6003F5A6195388D20070C39A /* JXViewController.m */,
				71719F9D1E33DC2100824A3D /* LaunchScreen.storyboard */,
				6003F5A8195388D20070C39A /* Images.xcassets */,
				6003F594195388D20070C39A /* Supporting Files */,
			);
			name = "Example for JXKit";
			path = JXKit;
			sourceTree = "<group>";
		};
		6003F594195388D20070C39A /* Supporting Files */ = {
			isa = PBXGroup;
			children = (
				6003F595195388D20070C39A /* JXKit-Info.plist */,
				6003F596195388D20070C39A /* InfoPlist.strings */,
				6003F599195388D20070C39A /* main.m */,
				6003F59B195388D20070C39A /* JXKit-Prefix.pch */,
			);
			name = "Supporting Files";
			sourceTree = "<group>";
		};
		6003F5B5195388D20070C39A /* Tests */ = {
			isa = PBXGroup;
			children = (
				6003F5BB195388D20070C39A /* Tests.m */,
				6003F5B6195388D20070C39A /* Supporting Files */,
			);
			path = Tests;
			sourceTree = "<group>";
		};
		6003F5B6195388D20070C39A /* Supporting Files */ = {
			isa = PBXGroup;
			children = (
				6003F5B7195388D20070C39A /* Tests-Info.plist */,
				6003F5B8195388D20070C39A /* InfoPlist.strings */,
				606FC2411953D9B200FFA9A0 /* Tests-Prefix.pch */,
			);
			name = "Supporting Files";
			sourceTree = "<group>";
		};
		60FF7A9C1954A5C5007DD14C /* Podspec Metadata */ = {
			isa = PBXGroup;
			children = (
				C87B022A20C18E38001981C7 /* Classes */,
				DDE7E4AE2FEDD21950C1148F /* JXKit.podspec */,
				0534FCB4D7E7797566BB7D87 /* README.md */,
				D84251F91D42339CBC3CFA09 /* LICENSE */,
			);
			name = "Podspec Metadata";
			sourceTree = "<group>";
		};
		C87B022A20C18E38001981C7 /* Classes */ = {
			isa = PBXGroup;
			children = (
				C87B026C20C18E68001981C7 /* JXKit.h */,
				C87B026D20C18E68001981C7 /* JXKit.m */,
				C87B025A20C18E38001981C7 /* JXInline.h */,
				C87B024F20C18E38001981C7 /* JXInline.m */,
				C87B025320C18E38001981C7 /* JXMacro.h */,
				C87B024A20C18E38001981C7 /* JXMacro.m */,
				C87B023120C18E38001981C7 /* Category */,
				C87B025020C18E38001981C7 /* JXJSONCache */,
				C87B022B20C18E38001981C7 /* JXLocationCoordinates */,
				C87B022E20C18E38001981C7 /* JXRegular */,
				C87B025420C18E38001981C7 /* JXSystemAlert */,
				C87B024B20C18E38001981C7 /* JXUpdateCheck */,
				C87B025720C18E38001981C7 /* JXUUIDAndKeyChain */,
			);
			name = Classes;
			path = ../JXKit/Classes;
			sourceTree = "<group>";
		};
		C87B022B20C18E38001981C7 /* JXLocationCoordinates */ = {
			isa = PBXGroup;
			children = (
				C87B022C20C18E38001981C7 /* JXLocationCoordinates.h */,
				C87B022D20C18E38001981C7 /* JXLocationCoordinates.m */,
			);
			path = JXLocationCoordinates;
			sourceTree = "<group>";
		};
		C87B022E20C18E38001981C7 /* JXRegular */ = {
			isa = PBXGroup;
			children = (
				C87B022F20C18E38001981C7 /* JXRegular.h */,
				C87B023020C18E38001981C7 /* JXRegular.m */,
			);
			path = JXRegular;
			sourceTree = "<group>";
		};
		C87B023120C18E38001981C7 /* Category */ = {
			isa = PBXGroup;
			children = (
				C87B023220C18E38001981C7 /* UIImage */,
				C87B023520C18E38001981C7 /* UIScrollView */,
				C87B023820C18E38001981C7 /* UIButton */,
				C87B023B20C18E38001981C7 /* UIView */,
				C87B023E20C18E38001981C7 /* UICollectionView */,
				C87B024120C18E38001981C7 /* NSString */,
				C87B024420C18E38001981C7 /* UITableView */,
				C87B024720C18E38001981C7 /* NSDate */,
			);
			path = Category;
			sourceTree = "<group>";
		};
		C87B023220C18E38001981C7 /* UIImage */ = {
			isa = PBXGroup;
			children = (
				C87B023320C18E38001981C7 /* UIImage+JXCategory.h */,
				C87B023420C18E38001981C7 /* UIImage+JXCategory.m */,
			);
			path = UIImage;
			sourceTree = "<group>";
		};
		C87B023520C18E38001981C7 /* UIScrollView */ = {
			isa = PBXGroup;
			children = (
				C87B023620C18E38001981C7 /* UIScrollView+JXCategory.m */,
				C87B023720C18E38001981C7 /* UIScrollView+JXCategory.h */,
			);
			path = UIScrollView;
			sourceTree = "<group>";
		};
		C87B023820C18E38001981C7 /* UIButton */ = {
			isa = PBXGroup;
			children = (
				C87B023920C18E38001981C7 /* UIButton+JXCategory.h */,
				C87B023A20C18E38001981C7 /* UIButton+JXCategory.m */,
			);
			path = UIButton;
			sourceTree = "<group>";
		};
		C87B023B20C18E38001981C7 /* UIView */ = {
			isa = PBXGroup;
			children = (
				C87B023D20C18E38001981C7 /* UIView+JXCategory.h */,
				C87B023C20C18E38001981C7 /* UIView+JXCategory.m */,
				C87B027020C18EFD001981C7 /* UIView+JXToastAndProgressHUD.h */,
				C87B026F20C18EFD001981C7 /* UIView+JXToastAndProgressHUD.m */,
			);
			path = UIView;
			sourceTree = "<group>";
		};
		C87B023E20C18E38001981C7 /* UICollectionView */ = {
			isa = PBXGroup;
			children = (
				C87B024020C18E38001981C7 /* UICollectionView+JXCategory.h */,
				C87B023F20C18E38001981C7 /* UICollectionView+JXCategory.m */,
			);
			path = UICollectionView;
			sourceTree = "<group>";
		};
		C87B024120C18E38001981C7 /* NSString */ = {
			isa = PBXGroup;
			children = (
				C87B024220C18E38001981C7 /* NSString+JXCategory.h */,
				C87B024320C18E38001981C7 /* NSString+JXCategory.m */,
			);
			path = NSString;
			sourceTree = "<group>";
		};
		C87B024420C18E38001981C7 /* UITableView */ = {
			isa = PBXGroup;
			children = (
				C87B024520C18E38001981C7 /* UITableView+JXCategory.h */,
				C87B024620C18E38001981C7 /* UITableView+JXCategory.m */,
			);
			path = UITableView;
			sourceTree = "<group>";
		};
		C87B024720C18E38001981C7 /* NSDate */ = {
			isa = PBXGroup;
			children = (
				C87B024820C18E38001981C7 /* NSDate+JXCategory.m */,
				C87B024920C18E38001981C7 /* NSDate+JXCategory.h */,
			);
			path = NSDate;
			sourceTree = "<group>";
		};
		C87B024B20C18E38001981C7 /* JXUpdateCheck */ = {
			isa = PBXGroup;
			children = (
				C87B024C20C18E38001981C7 /* JXUpdateCheck.m */,
				C87B024D20C18E38001981C7 /* JXUpdateCheck.h */,
			);
			path = JXUpdateCheck;
			sourceTree = "<group>";
		};
		C87B025020C18E38001981C7 /* JXJSONCache */ = {
			isa = PBXGroup;
			children = (
				C87B025120C18E38001981C7 /* JXJSONCache.m */,
				C87B025220C18E38001981C7 /* JXJSONCache.h */,
			);
			path = JXJSONCache;
			sourceTree = "<group>";
		};
		C87B025420C18E38001981C7 /* JXSystemAlert */ = {
			isa = PBXGroup;
			children = (
				C87B025520C18E38001981C7 /* JXSystemAlert.h */,
				C87B025620C18E38001981C7 /* JXSystemAlert.m */,
			);
			path = JXSystemAlert;
			sourceTree = "<group>";
		};
		C87B025720C18E38001981C7 /* JXUUIDAndKeyChain */ = {
			isa = PBXGroup;
			children = (
				C87B025820C18E38001981C7 /* JXUUIDAndKeyChain.h */,
				C87B025920C18E38001981C7 /* JXUUIDAndKeyChain.m */,
			);
			path = JXUUIDAndKeyChain;
			sourceTree = "<group>";
		};
/* End PBXGroup section */

/* Begin PBXNativeTarget section */
		6003F589195388D20070C39A /* JXKit_Example */ = {
			isa = PBXNativeTarget;
			buildConfigurationList = 6003F5BF195388D20070C39A /* Build configuration list for PBXNativeTarget "JXKit_Example" */;
			buildPhases = (
				6CB81B91F0263BC8B48F55D8 /* [CP] Check Pods Manifest.lock */,
				6003F586195388D20070C39A /* Sources */,
				6003F587195388D20070C39A /* Frameworks */,
				6003F588195388D20070C39A /* Resources */,
				0E7C836F7D22CC666DE6E1C0 /* [CP] Embed Pods Frameworks */,
				4F63AAE44A55EADF913317C1 /* [CP] Copy Pods Resources */,
			);
			buildRules = (
			);
			dependencies = (
			);
			name = JXKit_Example;
			productName = JXKit;
			productReference = 6003F58A195388D20070C39A /* JXKit_Example.app */;
			productType = "com.apple.product-type.application";
		};
		6003F5AD195388D20070C39A /* JXKit_Tests */ = {
			isa = PBXNativeTarget;
			buildConfigurationList = 6003F5C2195388D20070C39A /* Build configuration list for PBXNativeTarget "JXKit_Tests" */;
			buildPhases = (
				81BD7C38727E78FDBFC0EB1D /* [CP] Check Pods Manifest.lock */,
				6003F5AA195388D20070C39A /* Sources */,
				6003F5AB195388D20070C39A /* Frameworks */,
				6003F5AC195388D20070C39A /* Resources */,
				B3497361E16082B08E0EF0B0 /* [CP] Embed Pods Frameworks */,
				E430905170E65402356A97C8 /* [CP] Copy Pods Resources */,
			);
			buildRules = (
			);
			dependencies = (
				6003F5B4195388D20070C39A /* PBXTargetDependency */,
			);
			name = JXKit_Tests;
			productName = JXKitTests;
			productReference = 6003F5AE195388D20070C39A /* JXKit_Tests.xctest */;
			productType = "com.apple.product-type.bundle.unit-test";
		};
/* End PBXNativeTarget section */

/* Begin PBXProject section */
		6003F582195388D10070C39A /* Project object */ = {
			isa = PBXProject;
			attributes = {
				CLASSPREFIX = JX;
				LastUpgradeCheck = 0720;
				ORGANIZATIONNAME = "452720799@qq.com";
				TargetAttributes = {
					6003F5AD195388D20070C39A = {
						TestTargetID = 6003F589195388D20070C39A;
					};
				};
			};
			buildConfigurationList = 6003F585195388D10070C39A /* Build configuration list for PBXProject "JXKit" */;
			compatibilityVersion = "Xcode 3.2";
			developmentRegion = English;
			hasScannedForEncodings = 0;
			knownRegions = (
				en,
				Base,
			);
			mainGroup = 6003F581195388D10070C39A;
			productRefGroup = 6003F58B195388D20070C39A /* Products */;
			projectDirPath = "";
			projectRoot = "";
			targets = (
				6003F589195388D20070C39A /* JXKit_Example */,
				6003F5AD195388D20070C39A /* JXKit_Tests */,
			);
		};
/* End PBXProject section */

/* Begin PBXResourcesBuildPhase section */
		6003F588195388D20070C39A /* Resources */ = {
			isa = PBXResourcesBuildPhase;
			buildActionMask = 2147483647;
			files = (
				873B8AEB1B1F5CCA007FD442 /* Main.storyboard in Resources */,
				71719F9F1E33DC2100824A3D /* LaunchScreen.storyboard in Resources */,
				6003F5A9195388D20070C39A /* Images.xcassets in Resources */,
				6003F598195388D20070C39A /* InfoPlist.strings in Resources */,
			);
			runOnlyForDeploymentPostprocessing = 0;
		};
		6003F5AC195388D20070C39A /* Resources */ = {
			isa = PBXResourcesBuildPhase;
			buildActionMask = 2147483647;
			files = (
				6003F5BA195388D20070C39A /* InfoPlist.strings in Resources */,
			);
			runOnlyForDeploymentPostprocessing = 0;
		};
/* End PBXResourcesBuildPhase section */

/* Begin PBXShellScriptBuildPhase section */
		0E7C836F7D22CC666DE6E1C0 /* [CP] Embed Pods Frameworks */ = {
			isa = PBXShellScriptBuildPhase;
			buildActionMask = 2147483647;
			files = (
			);
			inputPaths = (
				"${SRCROOT}/Pods/Target Support Files/Pods-JXKit_Example/Pods-JXKit_Example-frameworks.sh",
				"${BUILT_PRODUCTS_DIR}/JXKit/JXKit.framework",
			);
			name = "[CP] Embed Pods Frameworks";
			outputPaths = (
				"${TARGET_BUILD_DIR}/${FRAMEWORKS_FOLDER_PATH}/JXKit.framework",
			);
			runOnlyForDeploymentPostprocessing = 0;
			shellPath = /bin/sh;
			shellScript = "\"${SRCROOT}/Pods/Target Support Files/Pods-JXKit_Example/Pods-JXKit_Example-frameworks.sh\"\n";
			showEnvVarsInLog = 0;
		};
		4F63AAE44A55EADF913317C1 /* [CP] Copy Pods Resources */ = {
			isa = PBXShellScriptBuildPhase;
			buildActionMask = 2147483647;
			files = (
			);
			inputPaths = (
			);
			name = "[CP] Copy Pods Resources";
			outputPaths = (
			);
			runOnlyForDeploymentPostprocessing = 0;
			shellPath = /bin/sh;
			shellScript = "\"${SRCROOT}/Pods/Target Support Files/Pods-JXKit_Example/Pods-JXKit_Example-resources.sh\"\n";
			showEnvVarsInLog = 0;
		};
		6CB81B91F0263BC8B48F55D8 /* [CP] Check Pods Manifest.lock */ = {
			isa = PBXShellScriptBuildPhase;
			buildActionMask = 2147483647;
			files = (
			);
			inputPaths = (
				"${PODS_PODFILE_DIR_PATH}/Podfile.lock",
				"${PODS_ROOT}/Manifest.lock",
			);
			name = "[CP] Check Pods Manifest.lock";
			outputPaths = (
				"$(DERIVED_FILE_DIR)/Pods-JXKit_Example-checkManifestLockResult.txt",
			);
			runOnlyForDeploymentPostprocessing = 0;
			shellPath = /bin/sh;
			shellScript = "diff \"${PODS_PODFILE_DIR_PATH}/Podfile.lock\" \"${PODS_ROOT}/Manifest.lock\" > /dev/null\nif [ $? != 0 ] ; then\n    # print error to STDERR\n    echo \"error: The sandbox is not in sync with the Podfile.lock. Run 'pod install' or update your CocoaPods installation.\" >&2\n    exit 1\nfi\n# This output is used by Xcode 'outputs' to avoid re-running this script phase.\necho \"SUCCESS\" > \"${SCRIPT_OUTPUT_FILE_0}\"\n";
			showEnvVarsInLog = 0;
		};
		81BD7C38727E78FDBFC0EB1D /* [CP] Check Pods Manifest.lock */ = {
			isa = PBXShellScriptBuildPhase;
			buildActionMask = 2147483647;
			files = (
			);
			inputPaths = (
				"${PODS_PODFILE_DIR_PATH}/Podfile.lock",
				"${PODS_ROOT}/Manifest.lock",
			);
			name = "[CP] Check Pods Manifest.lock";
			outputPaths = (
				"$(DERIVED_FILE_DIR)/Pods-JXKit_Tests-checkManifestLockResult.txt",
			);
			runOnlyForDeploymentPostprocessing = 0;
			shellPath = /bin/sh;
			shellScript = "diff \"${PODS_PODFILE_DIR_PATH}/Podfile.lock\" \"${PODS_ROOT}/Manifest.lock\" > /dev/null\nif [ $? != 0 ] ; then\n    # print error to STDERR\n    echo \"error: The sandbox is not in sync with the Podfile.lock. Run 'pod install' or update your CocoaPods installation.\" >&2\n    exit 1\nfi\n# This output is used by Xcode 'outputs' to avoid re-running this script phase.\necho \"SUCCESS\" > \"${SCRIPT_OUTPUT_FILE_0}\"\n";
			showEnvVarsInLog = 0;
		};
		B3497361E16082B08E0EF0B0 /* [CP] Embed Pods Frameworks */ = {
			isa = PBXShellScriptBuildPhase;
			buildActionMask = 2147483647;
			files = (
			);
			inputPaths = (
			);
			name = "[CP] Embed Pods Frameworks";
			outputPaths = (
			);
			runOnlyForDeploymentPostprocessing = 0;
			shellPath = /bin/sh;
			shellScript = "\"${SRCROOT}/Pods/Target Support Files/Pods-JXKit_Tests/Pods-JXKit_Tests-frameworks.sh\"\n";
			showEnvVarsInLog = 0;
		};
		E430905170E65402356A97C8 /* [CP] Copy Pods Resources */ = {
			isa = PBXShellScriptBuildPhase;
			buildActionMask = 2147483647;
			files = (
			);
			inputPaths = (
			);
			name = "[CP] Copy Pods Resources";
			outputPaths = (
			);
			runOnlyForDeploymentPostprocessing = 0;
			shellPath = /bin/sh;
			shellScript = "\"${SRCROOT}/Pods/Target Support Files/Pods-JXKit_Tests/Pods-JXKit_Tests-resources.sh\"\n";
			showEnvVarsInLog = 0;
		};
/* End PBXShellScriptBuildPhase section */

/* Begin PBXSourcesBuildPhase section */
		6003F586195388D20070C39A /* Sources */ = {
			isa = PBXSourcesBuildPhase;
			buildActionMask = 2147483647;
			files = (
				C87B026120C18E38001981C7 /* UICollectionView+JXCategory.m in Sources */,
				C87B026420C18E38001981C7 /* NSDate+JXCategory.m in Sources */,
				C87B026520C18E38001981C7 /* JXMacro.m in Sources */,
				C87B025B20C18E38001981C7 /* JXLocationCoordinates.m in Sources */,
				6003F59E195388D20070C39A /* JXAppDelegate.m in Sources */,
				C87B026320C18E38001981C7 /* UITableView+JXCategory.m in Sources */,
				C87B027120C18EFD001981C7 /* UIView+JXToastAndProgressHUD.m in Sources */,
				C87B026820C18E38001981C7 /* JXInline.m in Sources */,
				C87B025E20C18E38001981C7 /* UIScrollView+JXCategory.m in Sources */,
				C87B026E20C18E68001981C7 /* JXKit.m in Sources */,
				C87B026920C18E38001981C7 /* JXJSONCache.m in Sources */,
				6003F5A7195388D20070C39A /* JXViewController.m in Sources */,
				C87B026620C18E38001981C7 /* JXUpdateCheck.m in Sources */,
				C87B026A20C18E38001981C7 /* JXSystemAlert.m in Sources */,
				C87B026220C18E38001981C7 /* NSString+JXCategory.m in Sources */,
				C87B026020C18E38001981C7 /* UIView+JXCategory.m in Sources */,
				C87B025D20C18E38001981C7 /* UIImage+JXCategory.m in Sources */,
				C87B026B20C18E38001981C7 /* JXUUIDAndKeyChain.m in Sources */,
				C87B025F20C18E38001981C7 /* UIButton+JXCategory.m in Sources */,
				6003F59A195388D20070C39A /* main.m in Sources */,
				C87B025C20C18E38001981C7 /* JXRegular.m in Sources */,
			);
			runOnlyForDeploymentPostprocessing = 0;
		};
		6003F5AA195388D20070C39A /* Sources */ = {
			isa = PBXSourcesBuildPhase;
			buildActionMask = 2147483647;
			files = (
				6003F5BC195388D20070C39A /* Tests.m in Sources */,
			);
			runOnlyForDeploymentPostprocessing = 0;
		};
/* End PBXSourcesBuildPhase section */

/* Begin PBXTargetDependency section */
		6003F5B4195388D20070C39A /* PBXTargetDependency */ = {
			isa = PBXTargetDependency;
			target = 6003F589195388D20070C39A /* JXKit_Example */;
			targetProxy = 6003F5B3195388D20070C39A /* PBXContainerItemProxy */;
		};
/* End PBXTargetDependency section */

/* Begin PBXVariantGroup section */
		6003F596195388D20070C39A /* InfoPlist.strings */ = {
			isa = PBXVariantGroup;
			children = (
				6003F597195388D20070C39A /* en */,
			);
			name = InfoPlist.strings;
			sourceTree = "<group>";
		};
		6003F5B8195388D20070C39A /* InfoPlist.strings */ = {
			isa = PBXVariantGroup;
			children = (
				6003F5B9195388D20070C39A /* en */,
			);
			name = InfoPlist.strings;
			sourceTree = "<group>";
		};
		71719F9D1E33DC2100824A3D /* LaunchScreen.storyboard */ = {
			isa = PBXVariantGroup;
			children = (
				71719F9E1E33DC2100824A3D /* Base */,
			);
			name = LaunchScreen.storyboard;
			sourceTree = "<group>";
		};
/* End PBXVariantGroup section */

/* Begin XCBuildConfiguration section */
		6003F5BD195388D20070C39A /* Debug */ = {
			isa = XCBuildConfiguration;
			buildSettings = {
				ALWAYS_SEARCH_USER_PATHS = NO;
				CLANG_CXX_LANGUAGE_STANDARD = "gnu++0x";
				CLANG_CXX_LIBRARY = "libc++";
				CLANG_ENABLE_MODULES = YES;
				CLANG_ENABLE_OBJC_ARC = YES;
				CLANG_WARN_BOOL_CONVERSION = YES;
				CLANG_WARN_CONSTANT_CONVERSION = YES;
				CLANG_WARN_DIRECT_OBJC_ISA_USAGE = YES_ERROR;
				CLANG_WARN_EMPTY_BODY = YES;
				CLANG_WARN_ENUM_CONVERSION = YES;
				CLANG_WARN_INT_CONVERSION = YES;
				CLANG_WARN_OBJC_ROOT_CLASS = YES_ERROR;
				CLANG_WARN__DUPLICATE_METHOD_MATCH = YES;
				"CODE_SIGN_IDENTITY[sdk=iphoneos*]" = "iPhone Developer";
				COPY_PHASE_STRIP = NO;
				ENABLE_TESTABILITY = YES;
				GCC_C_LANGUAGE_STANDARD = gnu99;
				GCC_DYNAMIC_NO_PIC = NO;
				GCC_OPTIMIZATION_LEVEL = 0;
				GCC_PREPROCESSOR_DEFINITIONS = (
					"DEBUG=1",
					"$(inherited)",
				);
				GCC_SYMBOLS_PRIVATE_EXTERN = NO;
				GCC_WARN_64_TO_32_BIT_CONVERSION = YES;
				GCC_WARN_ABOUT_RETURN_TYPE = YES_ERROR;
				GCC_WARN_UNDECLARED_SELECTOR = YES;
				GCC_WARN_UNINITIALIZED_AUTOS = YES_AGGRESSIVE;
				GCC_WARN_UNUSED_FUNCTION = YES;
				GCC_WARN_UNUSED_VARIABLE = YES;
				IPHONEOS_DEPLOYMENT_TARGET = 9.3;
				ONLY_ACTIVE_ARCH = YES;
				SDKROOT = iphoneos;
				TARGETED_DEVICE_FAMILY = "1,2";
			};
			name = Debug;
		};
		6003F5BE195388D20070C39A /* Release */ = {
			isa = XCBuildConfiguration;
			buildSettings = {
				ALWAYS_SEARCH_USER_PATHS = NO;
				CLANG_CXX_LANGUAGE_STANDARD = "gnu++0x";
				CLANG_CXX_LIBRARY = "libc++";
				CLANG_ENABLE_MODULES = YES;
				CLANG_ENABLE_OBJC_ARC = YES;
				CLANG_WARN_BOOL_CONVERSION = YES;
				CLANG_WARN_CONSTANT_CONVERSION = YES;
				CLANG_WARN_DIRECT_OBJC_ISA_USAGE = YES_ERROR;
				CLANG_WARN_EMPTY_BODY = YES;
				CLANG_WARN_ENUM_CONVERSION = YES;
				CLANG_WARN_INT_CONVERSION = YES;
				CLANG_WARN_OBJC_ROOT_CLASS = YES_ERROR;
				CLANG_WARN__DUPLICATE_METHOD_MATCH = YES;
				"CODE_SIGN_IDENTITY[sdk=iphoneos*]" = "iPhone Developer";
				COPY_PHASE_STRIP = YES;
				ENABLE_NS_ASSERTIONS = NO;
				GCC_C_LANGUAGE_STANDARD = gnu99;
				GCC_WARN_64_TO_32_BIT_CONVERSION = YES;
				GCC_WARN_ABOUT_RETURN_TYPE = YES_ERROR;
				GCC_WARN_UNDECLARED_SELECTOR = YES;
				GCC_WARN_UNINITIALIZED_AUTOS = YES_AGGRESSIVE;
				GCC_WARN_UNUSED_FUNCTION = YES;
				GCC_WARN_UNUSED_VARIABLE = YES;
				IPHONEOS_DEPLOYMENT_TARGET = 9.3;
				SDKROOT = iphoneos;
				TARGETED_DEVICE_FAMILY = "1,2";
				VALIDATE_PRODUCT = YES;
			};
			name = Release;
		};
		6003F5C0195388D20070C39A /* Debug */ = {
			isa = XCBuildConfiguration;
			baseConfigurationReference = 72DC75EAE3052BE93AA67203 /* Pods-JXKit_Example.debug.xcconfig */;
			buildSettings = {
				ASSETCATALOG_COMPILER_APPICON_NAME = AppIcon;
				GCC_PRECOMPILE_PREFIX_HEADER = YES;
				GCC_PREFIX_HEADER = "JXKit/JXKit-Prefix.pch";
				INFOPLIST_FILE = "JXKit/JXKit-Info.plist";
				MODULE_NAME = ExampleApp;
				PRODUCT_BUNDLE_IDENTIFIER = "org.cocoapods.demo.${PRODUCT_NAME:rfc1034identifier}";
				PRODUCT_NAME = "$(TARGET_NAME)";
				WRAPPER_EXTENSION = app;
			};
			name = Debug;
		};
		6003F5C1195388D20070C39A /* Release */ = {
			isa = XCBuildConfiguration;
			baseConfigurationReference = F2F651161B0BC4CB526688E8 /* Pods-JXKit_Example.release.xcconfig */;
			buildSettings = {
				ASSETCATALOG_COMPILER_APPICON_NAME = AppIcon;
				GCC_PRECOMPILE_PREFIX_HEADER = YES;
				GCC_PREFIX_HEADER = "JXKit/JXKit-Prefix.pch";
				INFOPLIST_FILE = "JXKit/JXKit-Info.plist";
				MODULE_NAME = ExampleApp;
				PRODUCT_BUNDLE_IDENTIFIER = "org.cocoapods.demo.${PRODUCT_NAME:rfc1034identifier}";
				PRODUCT_NAME = "$(TARGET_NAME)";
				WRAPPER_EXTENSION = app;
			};
			name = Release;
		};
		6003F5C3195388D20070C39A /* Debug */ = {
			isa = XCBuildConfiguration;
			baseConfigurationReference = 2388189F29A830A3EA76F7A2 /* Pods-JXKit_Tests.debug.xcconfig */;
			buildSettings = {
				BUNDLE_LOADER = "$(TEST_HOST)";
				FRAMEWORK_SEARCH_PATHS = (
					"$(SDKROOT)/Developer/Library/Frameworks",
					"$(inherited)",
					"$(DEVELOPER_FRAMEWORKS_DIR)",
				);
				GCC_PRECOMPILE_PREFIX_HEADER = YES;
				GCC_PREFIX_HEADER = "Tests/Tests-Prefix.pch";
				GCC_PREPROCESSOR_DEFINITIONS = (
					"DEBUG=1",
					"$(inherited)",
				);
				INFOPLIST_FILE = "Tests/Tests-Info.plist";
				PRODUCT_BUNDLE_IDENTIFIER = "org.cocoapods.demo.${PRODUCT_NAME:rfc1034identifier}";
				PRODUCT_NAME = "$(TARGET_NAME)";
				TEST_HOST = "$(BUILT_PRODUCTS_DIR)/JXKit_Example.app/JXKit_Example";
				WRAPPER_EXTENSION = xctest;
			};
			name = Debug;
		};
		6003F5C4195388D20070C39A /* Release */ = {
			isa = XCBuildConfiguration;
			baseConfigurationReference = 4A97D90647891B402015CCE2 /* Pods-JXKit_Tests.release.xcconfig */;
			buildSettings = {
				BUNDLE_LOADER = "$(TEST_HOST)";
				FRAMEWORK_SEARCH_PATHS = (
					"$(SDKROOT)/Developer/Library/Frameworks",
					"$(inherited)",
					"$(DEVELOPER_FRAMEWORKS_DIR)",
				);
				GCC_PRECOMPILE_PREFIX_HEADER = YES;
				GCC_PREFIX_HEADER = "Tests/Tests-Prefix.pch";
				INFOPLIST_FILE = "Tests/Tests-Info.plist";
				PRODUCT_BUNDLE_IDENTIFIER = "org.cocoapods.demo.${PRODUCT_NAME:rfc1034identifier}";
				PRODUCT_NAME = "$(TARGET_NAME)";
				TEST_HOST = "$(BUILT_PRODUCTS_DIR)/JXKit_Example.app/JXKit_Example";
				WRAPPER_EXTENSION = xctest;
			};
			name = Release;
		};
/* End XCBuildConfiguration section */

/* Begin XCConfigurationList section */
		6003F585195388D10070C39A /* Build configuration list for PBXProject "JXKit" */ = {
			isa = XCConfigurationList;
			buildConfigurations = (
				6003F5BD195388D20070C39A /* Debug */,
				6003F5BE195388D20070C39A /* Release */,
			);
			defaultConfigurationIsVisible = 0;
			defaultConfigurationName = Release;
		};
		6003F5BF195388D20070C39A /* Build configuration list for PBXNativeTarget "JXKit_Example" */ = {
			isa = XCConfigurationList;
			buildConfigurations = (
				6003F5C0195388D20070C39A /* Debug */,
				6003F5C1195388D20070C39A /* Release */,
			);
			defaultConfigurationIsVisible = 0;
			defaultConfigurationName = Release;
		};
		6003F5C2195388D20070C39A /* Build configuration list for PBXNativeTarget "JXKit_Tests" */ = {
			isa = XCConfigurationList;
			buildConfigurations = (
				6003F5C3195388D20070C39A /* Debug */,
				6003F5C4195388D20070C39A /* Release */,
			);
			defaultConfigurationIsVisible = 0;
			defaultConfigurationName = Release;
		};
/* End XCConfigurationList section */
	};
	rootObject = 6003F582195388D10070C39A /* Project object */;
}
