PODS:
  - JXEfficient (0.1.100)
  - Masonry (1.1.0)

DEPENDENCIES:
  - JXEfficient (from `../`)
  - Masonry (= 1.1.0)

SPEC REPOS:
  https://github.com/cocoapods/specs.git:
    - Masonry

EXTERNAL SOURCES:
  JXEfficient:
    :path: "../"

SPEC CHECKSUMS:
  JXEfficient: 7095cebd69047bd372a644b0eecdd30089427b80
  Masonry: 678fab65091a9290e40e2832a55e7ab731aad201

PODFILE CHECKSUM: 91cefc7b49eed7b2ed571bb9fe79775fcdcd7890

COCOAPODS: 1.6.0.beta.2
